
Microsoft Visual Studio Solution File, Format Version 12.00
# Visual Studio Version 17
VisualStudioVersion = 17.6.33829.357
MinimumVisualStudioVersion = 10.0.40219.1
Project("{8BC9CEB8-8B4A-11D0-8D11-00A0C91BC942}") = "WavConvConsole", "WavConvConsole\WavConvConsole.vcxproj", "{559924B8-734D-4369-9B2E-87FAEF743478}"
EndProject
Global
	GlobalSection(SolutionConfigurationPlatforms) = preSolution
		Debug|x64 = Debug|x64
		Debug|x86 = Debug|x86
		Release|x64 = Release|x64
		Release|x86 = Release|x86
	EndGlobalSection
	GlobalSection(ProjectConfigurationPlatforms) = postSolution
		{559924B8-734D-4369-9B2E-87FAEF743478}.Debug|x64.ActiveCfg = Debug|x64
		{559924B8-734D-4369-9B2E-87FAEF743478}.Debug|x64.Build.0 = Debug|x64
		{559924B8-734D-4369-9B2E-87FAEF743478}.Debug|x86.ActiveCfg = Debug|Win32
		{559924B8-734D-4369-9B2E-87FAEF743478}.Debug|x86.Build.0 = Debug|Win32
		{559924B8-734D-4369-9B2E-87FAEF743478}.Release|x64.ActiveCfg = Release|x64
		{559924B8-734D-4369-9B2E-87FAEF743478}.Release|x64.Build.0 = Release|x64
		{559924B8-734D-4369-9B2E-87FAEF743478}.Release|x86.ActiveCfg = Release|Win32
		{559924B8-734D-4369-9B2E-87FAEF743478}.Release|x86.Build.0 = Release|Win32
	EndGlobalSection
	GlobalSection(SolutionProperties) = preSolution
		HideSolutionNode = FALSE
	EndGlobalSection
	GlobalSection(ExtensibilityGlobals) = postSolution
		SolutionGuid = {B587E859-A23C-43F2-B76E-A76DB83ADFC9}
	EndGlobalSection
EndGlobal
